
Microsoft Visual Studio Solution File, Format Version 12.00
# Visual Studio Version 17
VisualStudioVersion = 17.0.31903.59
MinimumVisualStudioVersion = 10.0.40219.1
Project("{FAE04EC0-301F-11D3-BF4B-00C04F79EFBC}") = "CattleManager.Api", "CattleManager.Api\CattleManager.Api.csproj", "{967867E5-CCA1-4D8D-97CA-18388EBAF20F}"
EndProject
Project("{FAE04EC0-301F-11D3-BF4B-00C04F79EFBC}") = "CattleManager.Application", "CattleManager.Application\CattleManager.Application.csproj", "{C59FE84D-3FF4-4B77-AA8F-82EAC80A5FBC}"
EndProject
Project("{FAE04EC0-301F-11D3-BF4B-00C04F79EFBC}") = "CattleManager.Domain", "CattleManager.Domain\CattleManager.Domain.csproj", "{0FB2F0B3-C5F6-47EA-8C07-7CC44D3B821E}"
EndProject
Project("{FAE04EC0-301F-11D3-BF4B-00C04F79EFBC}") = "CattleManager.Infrastructure", "CattleManager.Infrastructure\CattleManager.Infrastructure.csproj", "{23F75CDC-C22D-481C-9BD1-5C6D941B84C9}"
EndProject
Global
	GlobalSection(SolutionConfigurationPlatforms) = preSolution
		Debug|Any CPU = Debug|Any CPU
		Release|Any CPU = Release|Any CPU
	EndGlobalSection
	GlobalSection(SolutionProperties) = preSolution
		HideSolutionNode = FALSE
	EndGlobalSection
	GlobalSection(ProjectConfigurationPlatforms) = postSolution
		{967867E5-CCA1-4D8D-97CA-18388EBAF20F}.Debug|Any CPU.ActiveCfg = Debug|Any CPU
		{967867E5-CCA1-4D8D-97CA-18388EBAF20F}.Debug|Any CPU.Build.0 = Debug|Any CPU
		{967867E5-CCA1-4D8D-97CA-18388EBAF20F}.Release|Any CPU.ActiveCfg = Release|Any CPU
		{967867E5-CCA1-4D8D-97CA-18388EBAF20F}.Release|Any CPU.Build.0 = Release|Any CPU
		{C59FE84D-3FF4-4B77-AA8F-82EAC80A5FBC}.Debug|Any CPU.ActiveCfg = Debug|Any CPU
		{C59FE84D-3FF4-4B77-AA8F-82EAC80A5FBC}.Debug|Any CPU.Build.0 = Debug|Any CPU
		{C59FE84D-3FF4-4B77-AA8F-82EAC80A5FBC}.Release|Any CPU.ActiveCfg = Release|Any CPU
		{C59FE84D-3FF4-4B77-AA8F-82EAC80A5FBC}.Release|Any CPU.Build.0 = Release|Any CPU
		{0FB2F0B3-C5F6-47EA-8C07-7CC44D3B821E}.Debug|Any CPU.ActiveCfg = Debug|Any CPU
		{0FB2F0B3-C5F6-47EA-8C07-7CC44D3B821E}.Debug|Any CPU.Build.0 = Debug|Any CPU
		{0FB2F0B3-C5F6-47EA-8C07-7CC44D3B821E}.Release|Any CPU.ActiveCfg = Release|Any CPU
		{0FB2F0B3-C5F6-47EA-8C07-7CC44D3B821E}.Release|Any CPU.Build.0 = Release|Any CPU
		{23F75CDC-C22D-481C-9BD1-5C6D941B84C9}.Debug|Any CPU.ActiveCfg = Debug|Any CPU
		{23F75CDC-C22D-481C-9BD1-5C6D941B84C9}.Debug|Any CPU.Build.0 = Debug|Any CPU
		{23F75CDC-C22D-481C-9BD1-5C6D941B84C9}.Release|Any CPU.ActiveCfg = Release|Any CPU
		{23F75CDC-C22D-481C-9BD1-5C6D941B84C9}.Release|Any CPU.Build.0 = Release|Any CPU
	EndGlobalSection
EndGlobal
